
Microsoft Visual Studio Solution File, Format Version 12.00
# Visual Studio Version 17
VisualStudioVersion = 17.10.35122.118
MinimumVisualStudioVersion = 10.0.40219.1
Project("{FAE04EC0-301F-11D3-BF4B-00C04F79EFBC}") = "01_MainSubjects", "01_MainSubjects\01_MainSubjects.csproj", "{E425A516-18DF-42AC-B6AC-6CC3A1A60040}"
EndProject
Project("{FAE04EC0-301F-11D3-BF4B-00C04F79EFBC}") = "02_Variables", "02_Variables\02_Variables.csproj", "{172306E0-4C46-4286-835D-B8D3A91B0C86}"
EndProject
Project("{FAE04EC0-301F-11D3-BF4B-00C04F79EFBC}") = "03_MakingDecision", "03_MakingDecision\03_MakingDecision.csproj", "{B06A1DBD-463B-4BA7-8C27-A8C2DBF5232B}"
EndProject
Project("{FAE04EC0-301F-11D3-BF4B-00C04F79EFBC}") = "04_Loops", "04_Loops\04_Loops.csproj", "{AF694CE9-DBA3-47D3-B279-D6373CDD0EB5}"
EndProject
Project("{FAE04EC0-301F-11D3-BF4B-00C04F79EFBC}") = "05_LoopsWithStars", "05_LoopsWithStars\05_LoopsWithStars.csproj", "{64FB39C4-187B-4249-A4E1-F4FE7315147A}"
EndProject
Global
	GlobalSection(SolutionConfigurationPlatforms) = preSolution
		Debug|Any CPU = Debug|Any CPU
		Release|Any CPU = Release|Any CPU
	EndGlobalSection
	GlobalSection(ProjectConfigurationPlatforms) = postSolution
		{E425A516-18DF-42AC-B6AC-6CC3A1A60040}.Debug|Any CPU.ActiveCfg = Debug|Any CPU
		{E425A516-18DF-42AC-B6AC-6CC3A1A60040}.Debug|Any CPU.Build.0 = Debug|Any CPU
		{E425A516-18DF-42AC-B6AC-6CC3A1A60040}.Release|Any CPU.ActiveCfg = Release|Any CPU
		{E425A516-18DF-42AC-B6AC-6CC3A1A60040}.Release|Any CPU.Build.0 = Release|Any CPU
		{172306E0-4C46-4286-835D-B8D3A91B0C86}.Debug|Any CPU.ActiveCfg = Debug|Any CPU
		{172306E0-4C46-4286-835D-B8D3A91B0C86}.Debug|Any CPU.Build.0 = Debug|Any CPU
		{172306E0-4C46-4286-835D-B8D3A91B0C86}.Release|Any CPU.ActiveCfg = Release|Any CPU
		{172306E0-4C46-4286-835D-B8D3A91B0C86}.Release|Any CPU.Build.0 = Release|Any CPU
		{B06A1DBD-463B-4BA7-8C27-A8C2DBF5232B}.Debug|Any CPU.ActiveCfg = Debug|Any CPU
		{B06A1DBD-463B-4BA7-8C27-A8C2DBF5232B}.Debug|Any CPU.Build.0 = Debug|Any CPU
		{B06A1DBD-463B-4BA7-8C27-A8C2DBF5232B}.Release|Any CPU.ActiveCfg = Release|Any CPU
		{B06A1DBD-463B-4BA7-8C27-A8C2DBF5232B}.Release|Any CPU.Build.0 = Release|Any CPU
		{AF694CE9-DBA3-47D3-B279-D6373CDD0EB5}.Debug|Any CPU.ActiveCfg = Debug|Any CPU
		{AF694CE9-DBA3-47D3-B279-D6373CDD0EB5}.Debug|Any CPU.Build.0 = Debug|Any CPU
		{AF694CE9-DBA3-47D3-B279-D6373CDD0EB5}.Release|Any CPU.ActiveCfg = Release|Any CPU
		{AF694CE9-DBA3-47D3-B279-D6373CDD0EB5}.Release|Any CPU.Build.0 = Release|Any CPU
		{64FB39C4-187B-4249-A4E1-F4FE7315147A}.Debug|Any CPU.ActiveCfg = Debug|Any CPU
		{64FB39C4-187B-4249-A4E1-F4FE7315147A}.Debug|Any CPU.Build.0 = Debug|Any CPU
		{64FB39C4-187B-4249-A4E1-F4FE7315147A}.Release|Any CPU.ActiveCfg = Release|Any CPU
		{64FB39C4-187B-4249-A4E1-F4FE7315147A}.Release|Any CPU.Build.0 = Release|Any CPU
	EndGlobalSection
	GlobalSection(SolutionProperties) = preSolution
		HideSolutionNode = FALSE
	EndGlobalSection
	GlobalSection(ExtensibilityGlobals) = postSolution
		SolutionGuid = {DCE9D50B-A06E-494E-80B7-EC02A7959712}
	EndGlobalSection
EndGlobal
